// !$*UTF8*$!
{
	archiveVersion = 1;
	classes = {
	};
	objectVersion = 50;
	objects = {

/* Begin PBXBuildFile section */
		63FCFEA723C72DDB0093707A /* AppDelegate.swift in Sources */ = {isa = PBXBuildFile; fileRef = 63FCFEA623C72DDB0093707A /* AppDelegate.swift */; };
		63FCFEA923C72DDB0093707A /* SceneDelegate.swift in Sources */ = {isa = PBXBuildFile; fileRef = 63FCFEA823C72DDB0093707A /* SceneDelegate.swift */; };
		63FCFEAB23C72DDB0093707A /* ViewController.swift in Sources */ = {isa = PBXBuildFile; fileRef = 63FCFEAA23C72DDB0093707A /* ViewController.swift */; };
		63FCFEAE23C72DDB0093707A /* Main.storyboard in Resources */ = {isa = PBXBuildFile; fileRef = 63FCFEAC23C72DDB0093707A /* Main.storyboard */; };
		63FCFEB023C72DDE0093707A /* Assets.xcassets in Resources */ = {isa = PBXBuildFile; fileRef = 63FCFEAF23C72DDE0093707A /* Assets.xcassets */; };
		63FCFEB323C72DDE0093707A /* LaunchScreen.storyboard in Resources */ = {isa = PBXBuildFile; fileRef = 63FCFEB123C72DDE0093707A /* LaunchScreen.storyboard */; };
		63FCFEBE23C72DDE0093707A /* ClockAppTests.swift in Sources */ = {isa = PBXBuildFile; fileRef = 63FCFEBD23C72DDE0093707A /* ClockAppTests.swift */; };
		63FCFEC923C72DDE0093707A /* ClockAppUITests.swift in Sources */ = {isa = PBXBuildFile; fileRef = 63FCFEC823C72DDE0093707A /* ClockAppUITests.swift */; };
/* End PBXBuildFile section */

/* Begin PBXContainerItemProxy section */
		63FCFEBA23C72DDE0093707A /* PBXContainerItemProxy */ = {
			isa = PBXContainerItemProxy;
			containerPortal = 63FCFE9B23C72DDB0093707A /* Project object */;
			proxyType = 1;
			remoteGlobalIDString = 63FCFEA223C72DDB0093707A;
			remoteInfo = ClockApp;
		};
		63FCFEC523C72DDE0093707A /* PBXContainerItemProxy */ = {
			isa = PBXContainerItemProxy;
			containerPortal = 63FCFE9B23C72DDB0093707A /* Project object */;
			proxyType = 1;
			remoteGlobalIDString = 63FCFEA223C72DDB0093707A;
			remoteInfo = ClockApp;
		};
/* End PBXContainerItemProxy section */

/* Begin PBXFileReference section */
		63FCFEA323C72DDB0093707A /* ClockApp.app */ = {isa = PBXFileReference; explicitFileType = wrapper.application; includeInIndex = 0; path = ClockApp.app; sourceTree = BUILT_PRODUCTS_DIR; };
		63FCFEA623C72DDB0093707A /* AppDelegate.swift */ = {isa = PBXFileReference; lastKnownFileType = sourcecode.swift; path = AppDelegate.swift; sourceTree = "<group>"; };
		63FCFEA823C72DDB0093707A /* SceneDelegate.swift */ = {isa = PBXFileReference; lastKnownFileType = sourcecode.swift; path = SceneDelegate.swift; sourceTree = "<group>"; };
		63FCFEAA23C72DDB0093707A /* ViewController.swift */ = {isa = PBXFileReference; lastKnownFileType = sourcecode.swift; path = ViewController.swift; sourceTree = "<group>"; };
		63FCFEAD23C72DDB0093707A /* Base */ = {isa = PBXFileReference; lastKnownFileType = file.storyboard; name = Base; path = Base.lproj/Main.storyboard; sourceTree = "<group>"; };
		63FCFEAF23C72DDE0093707A /* Assets.xcassets */ = {isa = PBXFileReference; lastKnownFileType = folder.assetcatalog; path = Assets.xcassets; sourceTree = "<group>"; };
		63FCFEB223C72DDE0093707A /* Base */ = {isa = PBXFileReference; lastKnownFileType = file.storyboard; name = Base; path = Base.lproj/LaunchScreen.storyboard; sourceTree = "<group>"; };
		63FCFEB423C72DDE0093707A /* Info.plist */ = {isa = PBXFileReference; lastKnownFileType = text.plist.xml; path = Info.plist; sourceTree = "<group>"; };
		63FCFEB923C72DDE0093707A /* ClockAppTests.xctest */ = {isa = PBXFileReference; explicitFileType = wrapper.cfbundle; includeInIndex = 0; path = ClockAppTests.xctest; sourceTree = BUILT_PRODUCTS_DIR; };
		63FCFEBD23C72DDE0093707A /* ClockAppTests.swift */ = {isa = PBXFileReference; lastKnownFileType = sourcecode.swift; path = ClockAppTests.swift; sourceTree = "<group>"; };
		63FCFEBF23C72DDE0093707A /* Info.plist */ = {isa = PBXFileReference; lastKnownFileType = text.plist.xml; path = Info.plist; sourceTree = "<group>"; };
		63FCFEC423C72DDE0093707A /* ClockAppUITests.xctest */ = {isa = PBXFileReference; explicitFileType = wrapper.cfbundle; includeInIndex = 0; path = ClockAppUITests.xctest; sourceTree = BUILT_PRODUCTS_DIR; };
		63FCFEC823C72DDE0093707A /* ClockAppUITests.swift */ = {isa = PBXFileReference; lastKnownFileType = sourcecode.swift; path = ClockAppUITests.swift; sourceTree = "<group>"; };
		63FCFECA23C72DDE0093707A /* Info.plist */ = {isa = PBXFileReference; lastKnownFileType = text.plist.xml; path = Info.plist; sourceTree = "<group>"; };
/* End PBXFileReference section */

/* Begin PBXFrameworksBuildPhase section */
		63FCFEA023C72DDB0093707A /* Frameworks */ = {
			isa = PBXFrameworksBuildPhase;
			buildActionMask = 2147483647;
			files = (
			);
			runOnlyForDeploymentPostprocessing = 0;
		};
		63FCFEB623C72DDE0093707A /* Frameworks */ = {
			isa = PBXFrameworksBuildPhase;
			buildActionMask = 2147483647;
			files = (
			);
			runOnlyForDeploymentPostprocessing = 0;
		};
		63FCFEC123C72DDE0093707A /* Frameworks */ = {
			isa = PBXFrameworksBuildPhase;
			buildActionMask = 2147483647;
			files = (
			);
			runOnlyForDeploymentPostprocessing = 0;
		};
/* End PBXFrameworksBuildPhase section */

/* Begin PBXGroup section */
		63FCFE9A23C72DDB0093707A = {
			isa = PBXGroup;
			children = (
				63FCFEA523C72DDB0093707A /* ClockApp */,
				63FCFEBC23C72DDE0093707A /* ClockAppTests */,
				63FCFEC723C72DDE0093707A /* ClockAppUITests */,
				63FCFEA423C72DDB0093707A /* Products */,
			);
			sourceTree = "<group>";
		};
		63FCFEA423C72DDB0093707A /* Products */ = {
			isa = PBXGroup;
			children = (
				63FCFEA323C72DDB0093707A /* ClockApp.app */,
				63FCFEB923C72DDE0093707A /* ClockAppTests.xctest */,
				63FCFEC423C72DDE0093707A /* ClockAppUITests.xctest */,
			);
			name = Products;
			sourceTree = "<group>";
		};
		63FCFEA523C72DDB0093707A /* ClockApp */ = {
			isa = PBXGroup;
			children = (
				63FCFEA623C72DDB0093707A /* AppDelegate.swift */,
				63FCFEA823C72DDB0093707A /* SceneDelegate.swift */,
				63FCFEAA23C72DDB0093707A /* ViewController.swift */,
				63FCFEAC23C72DDB0093707A /* Main.storyboard */,
				63FCFEAF23C72DDE0093707A /* Assets.xcassets */,
				63FCFEB123C72DDE0093707A /* LaunchScreen.storyboard */,
				63FCFEB423C72DDE0093707A /* Info.plist */,
			);
			path = ClockApp;
			sourceTree = "<group>";
		};
		63FCFEBC23C72DDE0093707A /* ClockAppTests */ = {
			isa = PBXGroup;
			children = (
				63FCFEBD23C72DDE0093707A /* ClockAppTests.swift */,
				63FCFEBF23C72DDE0093707A /* Info.plist */,
			);
			path = ClockAppTests;
			sourceTree = "<group>";
		};
		63FCFEC723C72DDE0093707A /* ClockAppUITests */ = {
			isa = PBXGroup;
			children = (
				63FCFEC823C72DDE0093707A /* ClockAppUITests.swift */,
				63FCFECA23C72DDE0093707A /* Info.plist */,
			);
			path = ClockAppUITests;
			sourceTree = "<group>";
		};
/* End PBXGroup section */

/* Begin PBXNativeTarget section */
		63FCFEA223C72DDB0093707A /* ClockApp */ = {
			isa = PBXNativeTarget;
			buildConfigurationList = 63FCFECD23C72DDE0093707A /* Build configuration list for PBXNativeTarget "ClockApp" */;
			buildPhases = (
				63FCFE9F23C72DDB0093707A /* Sources */,
				63FCFEA023C72DDB0093707A /* Frameworks */,
				63FCFEA123C72DDB0093707A /* Resources */,
			);
			buildRules = (
			);
			dependencies = (
			);
			name = ClockApp;
			productName = ClockApp;
			productReference = 63FCFEA323C72DDB0093707A /* ClockApp.app */;
			productType = "com.apple.product-type.application";
		};
		63FCFEB823C72DDE0093707A /* ClockAppTests */ = {
			isa = PBXNativeTarget;
			buildConfigurationList = 63FCFED023C72DDE0093707A /* Build configuration list for PBXNativeTarget "ClockAppTests" */;
			buildPhases = (
				63FCFEB523C72DDE0093707A /* Sources */,
				63FCFEB623C72DDE0093707A /* Frameworks */,
				63FCFEB723C72DDE0093707A /* Resources */,
			);
			buildRules = (
			);
			dependencies = (
				63FCFEBB23C72DDE0093707A /* PBXTargetDependency */,
			);
			name = ClockAppTests;
			productName = ClockAppTests;
			productReference = 63FCFEB923C72DDE0093707A /* ClockAppTests.xctest */;
			productType = "com.apple.product-type.bundle.unit-test";
		};
		63FCFEC323C72DDE0093707A /* ClockAppUITests */ = {
			isa = PBXNativeTarget;
			buildConfigurationList = 63FCFED323C72DDE0093707A /* Build configuration list for PBXNativeTarget "ClockAppUITests" */;
			buildPhases = (
				63FCFEC023C72DDE0093707A /* Sources */,
				63FCFEC123C72DDE0093707A /* Frameworks */,
				63FCFEC223C72DDE0093707A /* Resources */,
			);
			buildRules = (
			);
			dependencies = (
				63FCFEC623C72DDE0093707A /* PBXTargetDependency */,
			);
			name = ClockAppUITests;
			productName = ClockAppUITests;
			productReference = 63FCFEC423C72DDE0093707A /* ClockAppUITests.xctest */;
			productType = "com.apple.product-type.bundle.ui-testing";
		};
/* End PBXNativeTarget section */

/* Begin PBXProject section */
		63FCFE9B23C72DDB0093707A /* Project object */ = {
			isa = PBXProject;
			attributes = {
				LastSwiftUpdateCheck = 1130;
				LastUpgradeCheck = 1130;
				ORGANIZATIONNAME = "David Svensson";
				TargetAttributes = {
					63FCFEA223C72DDB0093707A = {
						CreatedOnToolsVersion = 11.3;
					};
					63FCFEB823C72DDE0093707A = {
						CreatedOnToolsVersion = 11.3;
						TestTargetID = 63FCFEA223C72DDB0093707A;
					};
					63FCFEC323C72DDE0093707A = {
						CreatedOnToolsVersion = 11.3;
						TestTargetID = 63FCFEA223C72DDB0093707A;
					};
				};
			};
			buildConfigurationList = 63FCFE9E23C72DDB0093707A /* Build configuration list for PBXProject "ClockApp" */;
			compatibilityVersion = "Xcode 9.3";
			developmentRegion = en;
			hasScannedForEncodings = 0;
			knownRegions = (
				en,
				Base,
			);
			mainGroup = 63FCFE9A23C72DDB0093707A;
			productRefGroup = 63FCFEA423C72DDB0093707A /* Products */;
			projectDirPath = "";
			projectRoot = "";
			targets = (
				63FCFEA223C72DDB0093707A /* ClockApp */,
				63FCFEB823C72DDE0093707A /* ClockAppTests */,
				63FCFEC323C72DDE0093707A /* ClockAppUITests */,
			);
		};
/* End PBXProject section */

/* Begin PBXResourcesBuildPhase section */
		63FCFEA123C72DDB0093707A /* Resources */ = {
			isa = PBXResourcesBuildPhase;
			buildActionMask = 2147483647;
			files = (
				63FCFEB323C72DDE0093707A /* LaunchScreen.storyboard in Resources */,
				63FCFEB023C72DDE0093707A /* Assets.xcassets in Resources */,
				63FCFEAE23C72DDB0093707A /* Main.storyboard in Resources */,
			);
			runOnlyForDeploymentPostprocessing = 0;
		};
		63FCFEB723C72DDE0093707A /* Resources */ = {
			isa = PBXResourcesBuildPhase;
			buildActionMask = 2147483647;
			files = (
			);
			runOnlyForDeploymentPostprocessing = 0;
		};
		63FCFEC223C72DDE0093707A /* Resources */ = {
			isa = PBXResourcesBuildPhase;
			buildActionMask = 2147483647;
			files = (
			);
			runOnlyForDeploymentPostprocessing = 0;
		};
/* End PBXResourcesBuildPhase section */

/* Begin PBXSourcesBuildPhase section */
		63FCFE9F23C72DDB0093707A /* Sources */ = {
			isa = PBXSourcesBuildPhase;
			buildActionMask = 2147483647;
			files = (
				63FCFEAB23C72DDB0093707A /* ViewController.swift in Sources */,
				63FCFEA723C72DDB0093707A /* AppDelegate.swift in Sources */,
				63FCFEA923C72DDB0093707A /* SceneDelegate.swift in Sources */,
			);
			runOnlyForDeploymentPostprocessing = 0;
		};
		63FCFEB523C72DDE0093707A /* Sources */ = {
			isa = PBXSourcesBuildPhase;
			buildActionMask = 2147483647;
			files = (
				63FCFEBE23C72DDE0093707A /* ClockAppTests.swift in Sources */,
			);
			runOnlyForDeploymentPostprocessing = 0;
		};
		63FCFEC023C72DDE0093707A /* Sources */ = {
			isa = PBXSourcesBuildPhase;
			buildActionMask = 2147483647;
			files = (
				63FCFEC923C72DDE0093707A /* ClockAppUITests.swift in Sources */,
			);
			runOnlyForDeploymentPostprocessing = 0;
		};
/* End PBXSourcesBuildPhase section */

/* Begin PBXTargetDependency section */
		63FCFEBB23C72DDE0093707A /* PBXTargetDependency */ = {
			isa = PBXTargetDependency;
			target = 63FCFEA223C72DDB0093707A /* ClockApp */;
			targetProxy = 63FCFEBA23C72DDE0093707A /* PBXContainerItemProxy */;
		};
		63FCFEC623C72DDE0093707A /* PBXTargetDependency */ = {
			isa = PBXTargetDependency;
			target = 63FCFEA223C72DDB0093707A /* ClockApp */;
			targetProxy = 63FCFEC523C72DDE0093707A /* PBXContainerItemProxy */;
		};
/* End PBXTargetDependency section */

/* Begin PBXVariantGroup section */
		63FCFEAC23C72DDB0093707A /* Main.storyboard */ = {
			isa = PBXVariantGroup;
			children = (
				63FCFEAD23C72DDB0093707A /* Base */,
			);
			name = Main.storyboard;
			sourceTree = "<group>";
		};
		63FCFEB123C72DDE0093707A /* LaunchScreen.storyboard */ = {
			isa = PBXVariantGroup;
			children = (
				63FCFEB223C72DDE0093707A /* Base */,
			);
			name = LaunchScreen.storyboard;
			sourceTree = "<group>";
		};
/* End PBXVariantGroup section */

/* Begin XCBuildConfiguration section */
		63FCFECB23C72DDE0093707A /* Debug */ = {
			isa = XCBuildConfiguration;
			buildSettings = {
				ALWAYS_SEARCH_USER_PATHS = NO;
				CLANG_ANALYZER_NONNULL = YES;
				CLANG_ANALYZER_NUMBER_OBJECT_CONVERSION = YES_AGGRESSIVE;
				CLANG_CXX_LANGUAGE_STANDARD = "gnu++14";
				CLANG_CXX_LIBRARY = "libc++";
				CLANG_ENABLE_MODULES = YES;
				CLANG_ENABLE_OBJC_ARC = YES;
				CLANG_ENABLE_OBJC_WEAK = YES;
				CLANG_WARN_BLOCK_CAPTURE_AUTORELEASING = YES;
				CLANG_WARN_BOOL_CONVERSION = YES;
				CLANG_WARN_COMMA = YES;
				CLANG_WARN_CONSTANT_CONVERSION = YES;
				CLANG_WARN_DEPRECATED_OBJC_IMPLEMENTATIONS = YES;
				CLANG_WARN_DIRECT_OBJC_ISA_USAGE = YES_ERROR;
				CLANG_WARN_DOCUMENTATION_COMMENTS = YES;
				CLANG_WARN_EMPTY_BODY = YES;
				CLANG_WARN_ENUM_CONVERSION = YES;
				CLANG_WARN_INFINITE_RECURSION = YES;
				CLANG_WARN_INT_CONVERSION = YES;
				CLANG_WARN_NON_LITERAL_NULL_CONVERSION = YES;
				CLANG_WARN_OBJC_IMPLICIT_RETAIN_SELF = YES;
				CLANG_WARN_OBJC_LITERAL_CONVERSION = YES;
				CLANG_WARN_OBJC_ROOT_CLASS = YES_ERROR;
				CLANG_WARN_RANGE_LOOP_ANALYSIS = YES;
				CLANG_WARN_STRICT_PROTOTYPES = YES;
				CLANG_WARN_SUSPICIOUS_MOVE = YES;
				CLANG_WARN_UNGUARDED_AVAILABILITY = YES_AGGRESSIVE;
				CLANG_WARN_UNREACHABLE_CODE = YES;
				CLANG_WARN__DUPLICATE_METHOD_MATCH = YES;
				COPY_PHASE_STRIP = NO;
				DEBUG_INFORMATION_FORMAT = dwarf;
				ENABLE_STRICT_OBJC_MSGSEND = YES;
				ENABLE_TESTABILITY = YES;
				GCC_C_LANGUAGE_STANDARD = gnu11;
				GCC_DYNAMIC_NO_PIC = NO;
				GCC_NO_COMMON_BLOCKS = YES;
				GCC_OPTIMIZATION_LEVEL = 0;
				GCC_PREPROCESSOR_DEFINITIONS = (
					"DEBUG=1",
					"$(inherited)",
				);
				GCC_WARN_64_TO_32_BIT_CONVERSION = YES;
				GCC_WARN_ABOUT_RETURN_TYPE = YES_ERROR;
				GCC_WARN_UNDECLARED_SELECTOR = YES;
				GCC_WARN_UNINITIALIZED_AUTOS = YES_AGGRESSIVE;
				GCC_WARN_UNUSED_FUNCTION = YES;
				GCC_WARN_UNUSED_VARIABLE = YES;
				IPHONEOS_DEPLOYMENT_TARGET = 13.2;
				MTL_ENABLE_DEBUG_INFO = INCLUDE_SOURCE;
				MTL_FAST_MATH = YES;
				ONLY_ACTIVE_ARCH = YES;
				SDKROOT = iphoneos;
				SWIFT_ACTIVE_COMPILATION_CONDITIONS = DEBUG;
				SWIFT_OPTIMIZATION_LEVEL = "-Onone";
			};
			name = Debug;
		};
		63FCFECC23C72DDE0093707A /* Release */ = {
			isa = XCBuildConfiguration;
			buildSettings = {
				ALWAYS_SEARCH_USER_PATHS = NO;
				CLANG_ANALYZER_NONNULL = YES;
				CLANG_ANALYZER_NUMBER_OBJECT_CONVERSION = YES_AGGRESSIVE;
				CLANG_CXX_LANGUAGE_STANDARD = "gnu++14";
				CLANG_CXX_LIBRARY = "libc++";
				CLANG_ENABLE_MODULES = YES;
				CLANG_ENABLE_OBJC_ARC = YES;
				CLANG_ENABLE_OBJC_WEAK = YES;
				CLANG_WARN_BLOCK_CAPTURE_AUTORELEASING = YES;
				CLANG_WARN_BOOL_CONVERSION = YES;
				CLANG_WARN_COMMA = YES;
				CLANG_WARN_CONSTANT_CONVERSION = YES;
				CLANG_WARN_DEPRECATED_OBJC_IMPLEMENTATIONS = YES;
				CLANG_WARN_DIRECT_OBJC_ISA_USAGE = YES_ERROR;
				CLANG_WARN_DOCUMENTATION_COMMENTS = YES;
				CLANG_WARN_EMPTY_BODY = YES;
				CLANG_WARN_ENUM_CONVERSION = YES;
				CLANG_WARN_INFINITE_RECURSION = YES;
				CLANG_WARN_INT_CONVERSION = YES;
				CLANG_WARN_NON_LITERAL_NULL_CONVERSION = YES;
				CLANG_WARN_OBJC_IMPLICIT_RETAIN_SELF = YES;
				CLANG_WARN_OBJC_LITERAL_CONVERSION = YES;
				CLANG_WARN_OBJC_ROOT_CLASS = YES_ERROR;
				CLANG_WARN_RANGE_LOOP_ANALYSIS = YES;
				CLANG_WARN_STRICT_PROTOTYPES = YES;
				CLANG_WARN_SUSPICIOUS_MOVE = YES;
				CLANG_WARN_UNGUARDED_AVAILABILITY = YES_AGGRESSIVE;
				CLANG_WARN_UNREACHABLE_CODE = YES;
				CLANG_WARN__DUPLICATE_METHOD_MATCH = YES;
				COPY_PHASE_STRIP = NO;
				DEBUG_INFORMATION_FORMAT = "dwarf-with-dsym";
				ENABLE_NS_ASSERTIONS = NO;
				ENABLE_STRICT_OBJC_MSGSEND = YES;
				GCC_C_LANGUAGE_STANDARD = gnu11;
				GCC_NO_COMMON_BLOCKS = YES;
				GCC_WARN_64_TO_32_BIT_CONVERSION = YES;
				GCC_WARN_ABOUT_RETURN_TYPE = YES_ERROR;
				GCC_WARN_UNDECLARED_SELECTOR = YES;
				GCC_WARN_UNINITIALIZED_AUTOS = YES_AGGRESSIVE;
				GCC_WARN_UNUSED_FUNCTION = YES;
				GCC_WARN_UNUSED_VARIABLE = YES;
				IPHONEOS_DEPLOYMENT_TARGET = 13.2;
				MTL_ENABLE_DEBUG_INFO = NO;
				MTL_FAST_MATH = YES;
				SDKROOT = iphoneos;
				SWIFT_COMPILATION_MODE = wholemodule;
				SWIFT_OPTIMIZATION_LEVEL = "-O";
				VALIDATE_PRODUCT = YES;
			};
			name = Release;
		};
		63FCFECE23C72DDE0093707A /* Debug */ = {
			isa = XCBuildConfiguration;
			buildSettings = {
				ASSETCATALOG_COMPILER_APPICON_NAME = AppIcon;
				CODE_SIGN_STYLE = Automatic;
				INFOPLIST_FILE = ClockApp/Info.plist;
				LD_RUNPATH_SEARCH_PATHS = (
					"$(inherited)",
					"@executable_path/Frameworks",
				);
				PRODUCT_BUNDLE_IDENTIFIER = com.example.ClockApp;
				PRODUCT_NAME = "$(TARGET_NAME)";
				SWIFT_VERSION = 5.0;
				TARGETED_DEVICE_FAMILY = "1,2";
			};
			name = Debug;
		};
		63FCFECF23C72DDE0093707A /* Release */ = {
			isa = XCBuildConfiguration;
			buildSettings = {
				ASSETCATALOG_COMPILER_APPICON_NAME = AppIcon;
				CODE_SIGN_STYLE = Automatic;
				INFOPLIST_FILE = ClockApp/Info.plist;
				LD_RUNPATH_SEARCH_PATHS = (
					"$(inherited)",
					"@executable_path/Frameworks",
				);
				PRODUCT_BUNDLE_IDENTIFIER = com.example.ClockApp;
				PRODUCT_NAME = "$(TARGET_NAME)";
				SWIFT_VERSION = 5.0;
				TARGETED_DEVICE_FAMILY = "1,2";
			};
			name = Release;
		};
		63FCFED123C72DDE0093707A /* Debug */ = {
			isa = XCBuildConfiguration;
			buildSettings = {
				ALWAYS_EMBED_SWIFT_STANDARD_LIBRARIES = YES;
				BUNDLE_LOADER = "$(TEST_HOST)";
				CODE_SIGN_STYLE = Automatic;
				INFOPLIST_FILE = ClockAppTests/Info.plist;
				IPHONEOS_DEPLOYMENT_TARGET = 13.2;
				LD_RUNPATH_SEARCH_PATHS = (
					"$(inherited)",
					"@executable_path/Frameworks",
					"@loader_path/Frameworks",
				);
				PRODUCT_BUNDLE_IDENTIFIER = com.example.ClockAppTests;
				PRODUCT_NAME = "$(TARGET_NAME)";
				SWIFT_VERSION = 5.0;
				TARGETED_DEVICE_FAMILY = "1,2";
				TEST_HOST = "$(BUILT_PRODUCTS_DIR)/ClockApp.app/ClockApp";
			};
			name = Debug;
		};
		63FCFED223C72DDE0093707A /* Release */ = {
			isa = XCBuildConfiguration;
			buildSettings = {
				ALWAYS_EMBED_SWIFT_STANDARD_LIBRARIES = YES;
				BUNDLE_LOADER = "$(TEST_HOST)";
				CODE_SIGN_STYLE = Automatic;
				INFOPLIST_FILE = ClockAppTests/Info.plist;
				IPHONEOS_DEPLOYMENT_TARGET = 13.2;
				LD_RUNPATH_SEARCH_PATHS = (
					"$(inherited)",
					"@executable_path/Frameworks",
					"@loader_path/Frameworks",
				);
				PRODUCT_BUNDLE_IDENTIFIER = com.example.ClockAppTests;
				PRODUCT_NAME = "$(TARGET_NAME)";
				SWIFT_VERSION = 5.0;
				TARGETED_DEVICE_FAMILY = "1,2";
				TEST_HOST = "$(BUILT_PRODUCTS_DIR)/ClockApp.app/ClockApp";
			};
			name = Release;
		};
		63FCFED423C72DDE0093707A /* Debug */ = {
			isa = XCBuildConfiguration;
			buildSettings = {
				ALWAYS_EMBED_SWIFT_STANDARD_LIBRARIES = YES;
				CODE_SIGN_STYLE = Automatic;
				INFOPLIST_FILE = ClockAppUITests/Info.plist;
				LD_RUNPATH_SEARCH_PATHS = (
					"$(inherited)",
					"@executable_path/Frameworks",
					"@loader_path/Frameworks",
				);
				PRODUCT_BUNDLE_IDENTIFIER = com.example.ClockAppUITests;
				PRODUCT_NAME = "$(TARGET_NAME)";
				SWIFT_VERSION = 5.0;
				TARGETED_DEVICE_FAMILY = "1,2";
				TEST_TARGET_NAME = ClockApp;
			};
			name = Debug;
		};
		63FCFED523C72DDE0093707A /* Release */ = {
			isa = XCBuildConfiguration;
			buildSettings = {
				ALWAYS_EMBED_SWIFT_STANDARD_LIBRARIES = YES;
				CODE_SIGN_STYLE = Automatic;
				INFOPLIST_FILE = ClockAppUITests/Info.plist;
				LD_RUNPATH_SEARCH_PATHS = (
					"$(inherited)",
					"@executable_path/Frameworks",
					"@loader_path/Frameworks",
				);
				PRODUCT_BUNDLE_IDENTIFIER = com.example.ClockAppUITests;
				PRODUCT_NAME = "$(TARGET_NAME)";
				SWIFT_VERSION = 5.0;
				TARGETED_DEVICE_FAMILY = "1,2";
				TEST_TARGET_NAME = ClockApp;
			};
			name = Release;
		};
/* End XCBuildConfiguration section */

/* Begin XCConfigurationList section */
		63FCFE9E23C72DDB0093707A /* Build configuration list for PBXProject "ClockApp" */ = {
			isa = XCConfigurationList;
			buildConfigurations = (
				63FCFECB23C72DDE0093707A /* Debug */,
				63FCFECC23C72DDE0093707A /* Release */,
			);
			defaultConfigurationIsVisible = 0;
			defaultConfigurationName = Release;
		};
		63FCFECD23C72DDE0093707A /* Build configuration list for PBXNativeTarget "ClockApp" */ = {
			isa = XCConfigurationList;
			buildConfigurations = (
				63FCFECE23C72DDE0093707A /* Debug */,
				63FCFECF23C72DDE0093707A /* Release */,
			);
			defaultConfigurationIsVisible = 0;
			defaultConfigurationName = Release;
		};
		63FCFED023C72DDE0093707A /* Build configuration list for PBXNativeTarget "ClockAppTests" */ = {
			isa = XCConfigurationList;
			buildConfigurations = (
				63FCFED123C72DDE0093707A /* Debug */,
				63FCFED223C72DDE0093707A /* Release */,
			);
			defaultConfigurationIsVisible = 0;
			defaultConfigurationName = Release;
		};
		63FCFED323C72DDE0093707A /* Build configuration list for PBXNativeTarget "ClockAppUITests" */ = {
			isa = XCConfigurationList;
			buildConfigurations = (
				63FCFED423C72DDE0093707A /* Debug */,
				63FCFED523C72DDE0093707A /* Release */,
			);
			defaultConfigurationIsVisible = 0;
			defaultConfigurationName = Release;
		};
/* End XCConfigurationList section */
	};
	rootObject = 63FCFE9B23C72DDB0093707A /* Project object */;
}
